
Microsoft Visual Studio Solution File, Format Version 12.00
Project("{FAE04EC0-301F-11D3-BF4B-00C04F79EFBC}") = "DifferentTypesOfPatterns", "DifferentTypesOfPatterns\DifferentTypesOfPatterns.csproj", "{E1E99F81-81BB-4C44-953C-33F943240589}"
EndProject
Global
	GlobalSection(SolutionConfigurationPlatforms) = preSolution
		Debug|Any CPU = Debug|Any CPU
		Release|Any CPU = Release|Any CPU
	EndGlobalSection
	GlobalSection(ProjectConfigurationPlatforms) = postSolution
		{E1E99F81-81BB-4C44-953C-33F943240589}.Debug|Any CPU.ActiveCfg = Debug|Any CPU
		{E1E99F81-81BB-4C44-953C-33F943240589}.Debug|Any CPU.Build.0 = Debug|Any CPU
		{E1E99F81-81BB-4C44-953C-33F943240589}.Release|Any CPU.ActiveCfg = Release|Any CPU
		{E1E99F81-81BB-4C44-953C-33F943240589}.Release|Any CPU.Build.0 = Release|Any CPU
	EndGlobalSection
EndGlobal
